
Microsoft Visual Studio Solution File, Format Version 12.00
# Visual Studio 15
VisualStudioVersion = 15.0.28010.2046
MinimumVisualStudioVersion = 10.0.40219.1
Project("{9A19103F-16F7-4668-BE54-9A1E7A4F7556}") = "ArcadeExample", "examples\ArcadeExample\ArcadeExample.csproj", "{610E8438-44D6-4CD7-B476-475A03572C8D}"
EndProject
Project("{2150E333-8FDC-42A3-9474-1A3956D46DE8}") = "examples", "examples", "{3AD1BC6D-5FA1-4083-81C9-D71EAE6F7868}"
EndProject
Project("{9A19103F-16F7-4668-BE54-9A1E7A4F7556}") = "HelloWorldExample", "examples\HelloWorldExample\HelloWorldExample.csproj", "{94E170DE-24D8-4EBE-980A-68CE780D7290}"
EndProject
Project("{9A19103F-16F7-4668-BE54-9A1E7A4F7556}") = "TicTacToeExample", "examples\TicTacToeExample\TicTacToeExample.csproj", "{0CB50DCA-3F41-4079-98A1-53C33E2F1340}"
EndProject
Project("{9A19103F-16F7-4668-BE54-9A1E7A4F7556}") = "AIExample", "examples\AIExample\AIExample.csproj", "{B9093758-9BB4-478C-9510-C1D610957996}"
EndProject
Project("{9A19103F-16F7-4668-BE54-9A1E7A4F7556}") = "AsyncExample", "examples\AsyncExample\AsyncExample.csproj", "{FFC3871A-E969-4A61-B514-764FCA9A3DDC}"
EndProject
Project("{9A19103F-16F7-4668-BE54-9A1E7A4F7556}") = "SerializeExample", "examples\SerializeExample\SerializeExample.csproj", "{873F6974-2CCA-46B5-90AF-99FD1A5A5E2D}"
EndProject
Project("{9A19103F-16F7-4668-BE54-9A1E7A4F7556}") = "Stateful.Tests", "tests\Stateful.Tests\Stateful.Tests.csproj", "{C2529466-D904-4045-9308-1BB7B316A9E2}"
EndProject
Project("{9A19103F-16F7-4668-BE54-9A1E7A4F7556}") = "Stateful", "src\Stateful\Stateful.csproj", "{84E6C723-86D8-4167-AA75-B7D10B8EC0EC}"
EndProject
Project("{2150E333-8FDC-42A3-9474-1A3956D46DE8}") = "Solution Items", "Solution Items", "{125B13FD-69EB-4EB2-A8A7-9F7B516CB01A}"
	ProjectSection(SolutionItems) = preProject
		.editorconfig = .editorconfig
	EndProjectSection
EndProject
Global
	GlobalSection(SolutionConfigurationPlatforms) = preSolution
		Debug|Any CPU = Debug|Any CPU
		Release|Any CPU = Release|Any CPU
	EndGlobalSection
	GlobalSection(ProjectConfigurationPlatforms) = postSolution
		{610E8438-44D6-4CD7-B476-475A03572C8D}.Debug|Any CPU.ActiveCfg = Debug|Any CPU
		{610E8438-44D6-4CD7-B476-475A03572C8D}.Debug|Any CPU.Build.0 = Debug|Any CPU
		{610E8438-44D6-4CD7-B476-475A03572C8D}.Release|Any CPU.ActiveCfg = Release|Any CPU
		{610E8438-44D6-4CD7-B476-475A03572C8D}.Release|Any CPU.Build.0 = Release|Any CPU
		{94E170DE-24D8-4EBE-980A-68CE780D7290}.Debug|Any CPU.ActiveCfg = Debug|Any CPU
		{94E170DE-24D8-4EBE-980A-68CE780D7290}.Debug|Any CPU.Build.0 = Debug|Any CPU
		{94E170DE-24D8-4EBE-980A-68CE780D7290}.Release|Any CPU.ActiveCfg = Release|Any CPU
		{94E170DE-24D8-4EBE-980A-68CE780D7290}.Release|Any CPU.Build.0 = Release|Any CPU
		{0CB50DCA-3F41-4079-98A1-53C33E2F1340}.Debug|Any CPU.ActiveCfg = Debug|Any CPU
		{0CB50DCA-3F41-4079-98A1-53C33E2F1340}.Debug|Any CPU.Build.0 = Debug|Any CPU
		{0CB50DCA-3F41-4079-98A1-53C33E2F1340}.Release|Any CPU.ActiveCfg = Release|Any CPU
		{0CB50DCA-3F41-4079-98A1-53C33E2F1340}.Release|Any CPU.Build.0 = Release|Any CPU
		{B9093758-9BB4-478C-9510-C1D610957996}.Debug|Any CPU.ActiveCfg = Debug|Any CPU
		{B9093758-9BB4-478C-9510-C1D610957996}.Debug|Any CPU.Build.0 = Debug|Any CPU
		{B9093758-9BB4-478C-9510-C1D610957996}.Release|Any CPU.ActiveCfg = Release|Any CPU
		{B9093758-9BB4-478C-9510-C1D610957996}.Release|Any CPU.Build.0 = Release|Any CPU
		{FFC3871A-E969-4A61-B514-764FCA9A3DDC}.Debug|Any CPU.ActiveCfg = Debug|Any CPU
		{FFC3871A-E969-4A61-B514-764FCA9A3DDC}.Debug|Any CPU.Build.0 = Debug|Any CPU
		{FFC3871A-E969-4A61-B514-764FCA9A3DDC}.Release|Any CPU.ActiveCfg = Release|Any CPU
		{FFC3871A-E969-4A61-B514-764FCA9A3DDC}.Release|Any CPU.Build.0 = Release|Any CPU
		{873F6974-2CCA-46B5-90AF-99FD1A5A5E2D}.Debug|Any CPU.ActiveCfg = Debug|Any CPU
		{873F6974-2CCA-46B5-90AF-99FD1A5A5E2D}.Debug|Any CPU.Build.0 = Debug|Any CPU
		{873F6974-2CCA-46B5-90AF-99FD1A5A5E2D}.Release|Any CPU.ActiveCfg = Release|Any CPU
		{873F6974-2CCA-46B5-90AF-99FD1A5A5E2D}.Release|Any CPU.Build.0 = Release|Any CPU
		{C2529466-D904-4045-9308-1BB7B316A9E2}.Debug|Any CPU.ActiveCfg = Debug|Any CPU
		{C2529466-D904-4045-9308-1BB7B316A9E2}.Debug|Any CPU.Build.0 = Debug|Any CPU
		{C2529466-D904-4045-9308-1BB7B316A9E2}.Release|Any CPU.ActiveCfg = Release|Any CPU
		{C2529466-D904-4045-9308-1BB7B316A9E2}.Release|Any CPU.Build.0 = Release|Any CPU
		{84E6C723-86D8-4167-AA75-B7D10B8EC0EC}.Debug|Any CPU.ActiveCfg = Debug|Any CPU
		{84E6C723-86D8-4167-AA75-B7D10B8EC0EC}.Debug|Any CPU.Build.0 = Debug|Any CPU
		{84E6C723-86D8-4167-AA75-B7D10B8EC0EC}.Release|Any CPU.ActiveCfg = Release|Any CPU
		{84E6C723-86D8-4167-AA75-B7D10B8EC0EC}.Release|Any CPU.Build.0 = Release|Any CPU
	EndGlobalSection
	GlobalSection(SolutionProperties) = preSolution
		HideSolutionNode = FALSE
	EndGlobalSection
	GlobalSection(NestedProjects) = preSolution
		{610E8438-44D6-4CD7-B476-475A03572C8D} = {3AD1BC6D-5FA1-4083-81C9-D71EAE6F7868}
		{94E170DE-24D8-4EBE-980A-68CE780D7290} = {3AD1BC6D-5FA1-4083-81C9-D71EAE6F7868}
		{0CB50DCA-3F41-4079-98A1-53C33E2F1340} = {3AD1BC6D-5FA1-4083-81C9-D71EAE6F7868}
		{B9093758-9BB4-478C-9510-C1D610957996} = {3AD1BC6D-5FA1-4083-81C9-D71EAE6F7868}
		{FFC3871A-E969-4A61-B514-764FCA9A3DDC} = {3AD1BC6D-5FA1-4083-81C9-D71EAE6F7868}
		{873F6974-2CCA-46B5-90AF-99FD1A5A5E2D} = {3AD1BC6D-5FA1-4083-81C9-D71EAE6F7868}
	EndGlobalSection
	GlobalSection(ExtensibilityGlobals) = postSolution
		SolutionGuid = {0FCB8AE4-1F78-45B8-A84E-EB57990136BF}
	EndGlobalSection
EndGlobal
